
Microsoft Visual Studio Solution File, Format Version 12.00
# Visual Studio Version 16
VisualStudioVersion = 16.0.28803.156
MinimumVisualStudioVersion = 10.0.40219.1
Project("{9A19103F-16F7-4668-BE54-9A1E7A4F7556}") = "CookiesDemo", "CookiesDemo\CookiesDemo.csproj", "{C797BD87-320A-471A-BA75-75AAC0058F20}"
EndProject
Project("{2150E333-8FDC-42A3-9474-1A3956D46DE8}") = "Cookies", "Cookies", "{46C534F6-AD25-4EED-8A11-2651672167D2}"
EndProject
Project("{2150E333-8FDC-42A3-9474-1A3956D46DE8}") = "OAuth", "OAuth", "{5AD73127-E5D7-4472-AD8A-85BD8E0333DA}"
EndProject
Project("{9A19103F-16F7-4668-BE54-9A1E7A4F7556}") = "OAuthClientDemo", "OAuthClientDemo\OAuthClientDemo.csproj", "{F8C67EC3-3950-4592-B2E8-747C821FC116}"
EndProject
Project("{2150E333-8FDC-42A3-9474-1A3956D46DE8}") = "Oidc", "Oidc", "{1F442B28-6C6A-4273-BBCB-977193A53004}"
EndProject
Project("{FAE04EC0-301F-11D3-BF4B-00C04F79EFBC}") = "OidcClientDemo", "OidcClientDemo\OidcClientDemo.csproj", "{6E9F6C02-4E99-4FF6-A855-0910C7373A72}"
EndProject
Project("{2150E333-8FDC-42A3-9474-1A3956D46DE8}") = "JwtBearer", "JwtBearer", "{AB91EC80-DD94-422F-B9A9-4034F58D83C2}"
EndProject
Project("{FAE04EC0-301F-11D3-BF4B-00C04F79EFBC}") = "JwtBearerDemo", "JwtBearerDemo\JwtBearerDemo.csproj", "{5F12BCF1-B73D-41D1-9BDB-49F0148709D1}"
EndProject
Global
	GlobalSection(SolutionConfigurationPlatforms) = preSolution
		Debug|Any CPU = Debug|Any CPU
		Release|Any CPU = Release|Any CPU
	EndGlobalSection
	GlobalSection(ProjectConfigurationPlatforms) = postSolution
		{C797BD87-320A-471A-BA75-75AAC0058F20}.Debug|Any CPU.ActiveCfg = Debug|Any CPU
		{C797BD87-320A-471A-BA75-75AAC0058F20}.Debug|Any CPU.Build.0 = Debug|Any CPU
		{C797BD87-320A-471A-BA75-75AAC0058F20}.Release|Any CPU.ActiveCfg = Release|Any CPU
		{C797BD87-320A-471A-BA75-75AAC0058F20}.Release|Any CPU.Build.0 = Release|Any CPU
		{F8C67EC3-3950-4592-B2E8-747C821FC116}.Debug|Any CPU.ActiveCfg = Debug|Any CPU
		{F8C67EC3-3950-4592-B2E8-747C821FC116}.Debug|Any CPU.Build.0 = Debug|Any CPU
		{F8C67EC3-3950-4592-B2E8-747C821FC116}.Release|Any CPU.ActiveCfg = Release|Any CPU
		{F8C67EC3-3950-4592-B2E8-747C821FC116}.Release|Any CPU.Build.0 = Release|Any CPU
		{6E9F6C02-4E99-4FF6-A855-0910C7373A72}.Debug|Any CPU.ActiveCfg = Debug|Any CPU
		{6E9F6C02-4E99-4FF6-A855-0910C7373A72}.Debug|Any CPU.Build.0 = Debug|Any CPU
		{6E9F6C02-4E99-4FF6-A855-0910C7373A72}.Release|Any CPU.ActiveCfg = Release|Any CPU
		{6E9F6C02-4E99-4FF6-A855-0910C7373A72}.Release|Any CPU.Build.0 = Release|Any CPU
		{5F12BCF1-B73D-41D1-9BDB-49F0148709D1}.Debug|Any CPU.ActiveCfg = Debug|Any CPU
		{5F12BCF1-B73D-41D1-9BDB-49F0148709D1}.Debug|Any CPU.Build.0 = Debug|Any CPU
		{5F12BCF1-B73D-41D1-9BDB-49F0148709D1}.Release|Any CPU.ActiveCfg = Release|Any CPU
		{5F12BCF1-B73D-41D1-9BDB-49F0148709D1}.Release|Any CPU.Build.0 = Release|Any CPU
	EndGlobalSection
	GlobalSection(SolutionProperties) = preSolution
		HideSolutionNode = FALSE
	EndGlobalSection
	GlobalSection(NestedProjects) = preSolution
		{C797BD87-320A-471A-BA75-75AAC0058F20} = {46C534F6-AD25-4EED-8A11-2651672167D2}
		{F8C67EC3-3950-4592-B2E8-747C821FC116} = {5AD73127-E5D7-4472-AD8A-85BD8E0333DA}
		{6E9F6C02-4E99-4FF6-A855-0910C7373A72} = {1F442B28-6C6A-4273-BBCB-977193A53004}
		{5F12BCF1-B73D-41D1-9BDB-49F0148709D1} = {AB91EC80-DD94-422F-B9A9-4034F58D83C2}
	EndGlobalSection
	GlobalSection(ExtensibilityGlobals) = postSolution
		SolutionGuid = {35D7FCC4-CA59-4CCD-99AC-4DC99526B235}
	EndGlobalSection
EndGlobal
